
Microsoft Visual Studio Solution File, Format Version 12.00
# Visual Studio Version 17
VisualStudioVersion = 17.3.32922.545
MinimumVisualStudioVersion = 10.0.40219.1
Project("{8BC9CEB8-8B4A-11D0-8D11-00A0C91BC942}") = "TestLab52", "TestLab52\TestLab52.vcxproj", "{42D4BD17-400D-4B65-A6C6-B0AE2A0B46B5}"
EndProject
Project("{8BC9CEB8-8B4A-11D0-8D11-00A0C91BC942}") = "Testlab52u", "Testlab52u\Testlab52u.vcxproj", "{4840EAE4-3500-4DAA-97DB-ECED600319E0}"
EndProject
Global
	GlobalSection(SolutionConfigurationPlatforms) = preSolution
		Debug|x64 = Debug|x64
		Debug|x86 = Debug|x86
		Release|x64 = Release|x64
		Release|x86 = Release|x86
	EndGlobalSection
	GlobalSection(ProjectConfigurationPlatforms) = postSolution
		{42D4BD17-400D-4B65-A6C6-B0AE2A0B46B5}.Debug|x64.ActiveCfg = Debug|x64
		{42D4BD17-400D-4B65-A6C6-B0AE2A0B46B5}.Debug|x64.Build.0 = Debug|x64
		{42D4BD17-400D-4B65-A6C6-B0AE2A0B46B5}.Debug|x86.ActiveCfg = Debug|Win32
		{42D4BD17-400D-4B65-A6C6-B0AE2A0B46B5}.Debug|x86.Build.0 = Debug|Win32
		{42D4BD17-400D-4B65-A6C6-B0AE2A0B46B5}.Release|x64.ActiveCfg = Release|x64
		{42D4BD17-400D-4B65-A6C6-B0AE2A0B46B5}.Release|x64.Build.0 = Release|x64
		{42D4BD17-400D-4B65-A6C6-B0AE2A0B46B5}.Release|x86.ActiveCfg = Release|Win32
		{42D4BD17-400D-4B65-A6C6-B0AE2A0B46B5}.Release|x86.Build.0 = Release|Win32
		{4840EAE4-3500-4DAA-97DB-ECED600319E0}.Debug|x64.ActiveCfg = Debug|x64
		{4840EAE4-3500-4DAA-97DB-ECED600319E0}.Debug|x64.Build.0 = Debug|x64
		{4840EAE4-3500-4DAA-97DB-ECED600319E0}.Debug|x86.ActiveCfg = Debug|Win32
		{4840EAE4-3500-4DAA-97DB-ECED600319E0}.Debug|x86.Build.0 = Debug|Win32
		{4840EAE4-3500-4DAA-97DB-ECED600319E0}.Release|x64.ActiveCfg = Release|x64
		{4840EAE4-3500-4DAA-97DB-ECED600319E0}.Release|x64.Build.0 = Release|x64
		{4840EAE4-3500-4DAA-97DB-ECED600319E0}.Release|x86.ActiveCfg = Release|Win32
		{4840EAE4-3500-4DAA-97DB-ECED600319E0}.Release|x86.Build.0 = Release|Win32
	EndGlobalSection
	GlobalSection(SolutionProperties) = preSolution
		HideSolutionNode = FALSE
	EndGlobalSection
	GlobalSection(ExtensibilityGlobals) = postSolution
		SolutionGuid = {985F9D5C-6F3C-41B8-8385-F81FB1BD3C57}
	EndGlobalSection
EndGlobal
